
Microsoft Visual Studio Solution File, Format Version 12.00
# Visual Studio Version 17
VisualStudioVersion = 17.14.36221.1 d17.14
MinimumVisualStudioVersion = 10.0.40219.1
Project("{FAE04EC0-301F-11D3-BF4B-00C04F79EFBC}") = "WebApplication", "WebApplication\WebApplication.csproj", "{021283BA-F767-4CD9-B181-183EDEA186DA}"
EndProject
Global
	GlobalSection(SolutionConfigurationPlatforms) = preSolution
		Debug|Any CPU = Debug|Any CPU
		Release|Any CPU = Release|Any CPU
	EndGlobalSection
	GlobalSection(ProjectConfigurationPlatforms) = postSolution
		{021283BA-F767-4CD9-B181-183EDEA186DA}.Debug|Any CPU.ActiveCfg = Debug|Any CPU
		{021283BA-F767-4CD9-B181-183EDEA186DA}.Debug|Any CPU.Build.0 = Debug|Any CPU
		{021283BA-F767-4CD9-B181-183EDEA186DA}.Release|Any CPU.ActiveCfg = Release|Any CPU
		{021283BA-F767-4CD9-B181-183EDEA186DA}.Release|Any CPU.Build.0 = Release|Any CPU
	EndGlobalSection
	GlobalSection(SolutionProperties) = preSolution
		HideSolutionNode = FALSE
	EndGlobalSection
	GlobalSection(ExtensibilityGlobals) = postSolution
		SolutionGuid = {41765756-8045-4EB8-9272-512E7B9E1C7E}
	EndGlobalSection
EndGlobal
